// !$*UTF8*$!
{
	archiveVersion = 1;
	classes = {
	};
	objectVersion = 55;
	objects = {

/* Begin PBXBuildFile section */
		65D3F2852935345600B00B91 /* AppDelegate.swift in Sources */ = {isa = PBXBuildFile; fileRef = 65D3F2842935345600B00B91 /* AppDelegate.swift */; };
		65D3F2872935345600B00B91 /* SceneDelegate.swift in Sources */ = {isa = PBXBuildFile; fileRef = 65D3F2862935345600B00B91 /* SceneDelegate.swift */; };
		65D3F2892935345600B00B91 /* ViewController.swift in Sources */ = {isa = PBXBuildFile; fileRef = 65D3F2882935345600B00B91 /* ViewController.swift */; };
		65D3F28C2935345600B00B91 /* Main.storyboard in Resources */ = {isa = PBXBuildFile; fileRef = 65D3F28A2935345600B00B91 /* Main.storyboard */; };
		65D3F28E2935345700B00B91 /* Assets.xcassets in Resources */ = {isa = PBXBuildFile; fileRef = 65D3F28D2935345700B00B91 /* Assets.xcassets */; };
		65D3F2912935345700B00B91 /* LaunchScreen.storyboard in Resources */ = {isa = PBXBuildFile; fileRef = 65D3F28F2935345700B00B91 /* LaunchScreen.storyboard */; };
		65D3F2B4293548D500B00B91 /* Notifications.swift in Sources */ = {isa = PBXBuildFile; fileRef = 65D3F2AC293548D500B00B91 /* Notifications.swift */; };
		65D3F2B5293548D500B00B91 /* Schedule.swift in Sources */ = {isa = PBXBuildFile; fileRef = 65D3F2AD293548D500B00B91 /* Schedule.swift */; };
		65D3F2B6293548D500B00B91 /* Quick Links.swift in Sources */ = {isa = PBXBuildFile; fileRef = 65D3F2AE293548D500B00B91 /* Quick Links.swift */; };
		65D3F2B7293548D500B00B91 /* Maps.swift in Sources */ = {isa = PBXBuildFile; fileRef = 65D3F2AF293548D500B00B91 /* Maps.swift */; };
		65D3F2B8293548D500B00B91 /* Settings.swift in Sources */ = {isa = PBXBuildFile; fileRef = 65D3F2B0293548D500B00B91 /* Settings.swift */; };
		65D3F2B9293548D500B00B91 /* Home.swift in Sources */ = {isa = PBXBuildFile; fileRef = 65D3F2B1293548D500B00B91 /* Home.swift */; };
		65D3F2BA293548D500B00B91 /* Contact.swift in Sources */ = {isa = PBXBuildFile; fileRef = 65D3F2B2293548D500B00B91 /* Contact.swift */; };
		65D3F2BB293548D500B00B91 /* Student Help.swift in Sources */ = {isa = PBXBuildFile; fileRef = 65D3F2B3293548D500B00B91 /* Student Help.swift */; };
		65F16259294B9C5E0090C3C3 /* ContactAdmin.swift in Sources */ = {isa = PBXBuildFile; fileRef = 65F16258294B9C5E0090C3C3 /* ContactAdmin.swift */; };
/* End PBXBuildFile section */

/* Begin PBXFileReference section */
		65D3F2812935345600B00B91 /* Student Central.app */ = {isa = PBXFileReference; explicitFileType = wrapper.application; includeInIndex = 0; path = "Student Central.app"; sourceTree = BUILT_PRODUCTS_DIR; };
		65D3F2842935345600B00B91 /* AppDelegate.swift */ = {isa = PBXFileReference; lastKnownFileType = sourcecode.swift; path = AppDelegate.swift; sourceTree = "<group>"; };
		65D3F2862935345600B00B91 /* SceneDelegate.swift */ = {isa = PBXFileReference; lastKnownFileType = sourcecode.swift; path = SceneDelegate.swift; sourceTree = "<group>"; };
		65D3F2882935345600B00B91 /* ViewController.swift */ = {isa = PBXFileReference; lastKnownFileType = sourcecode.swift; path = ViewController.swift; sourceTree = "<group>"; };
		65D3F28B2935345600B00B91 /* Base */ = {isa = PBXFileReference; lastKnownFileType = file.storyboard; name = Base; path = Base.lproj/Main.storyboard; sourceTree = "<group>"; };
		65D3F28D2935345700B00B91 /* Assets.xcassets */ = {isa = PBXFileReference; lastKnownFileType = folder.assetcatalog; path = Assets.xcassets; sourceTree = "<group>"; };
		65D3F2902935345700B00B91 /* Base */ = {isa = PBXFileReference; lastKnownFileType = file.storyboard; name = Base; path = Base.lproj/LaunchScreen.storyboard; sourceTree = "<group>"; };
		65D3F2922935345700B00B91 /* Info.plist */ = {isa = PBXFileReference; lastKnownFileType = text.plist.xml; path = Info.plist; sourceTree = "<group>"; };
		65D3F2AC293548D500B00B91 /* Notifications.swift */ = {isa = PBXFileReference; fileEncoding = 4; lastKnownFileType = sourcecode.swift; path = Notifications.swift; sourceTree = "<group>"; };
		65D3F2AD293548D500B00B91 /* Schedule.swift */ = {isa = PBXFileReference; fileEncoding = 4; lastKnownFileType = sourcecode.swift; path = Schedule.swift; sourceTree = "<group>"; };
		65D3F2AE293548D500B00B91 /* Quick Links.swift */ = {isa = PBXFileReference; fileEncoding = 4; lastKnownFileType = sourcecode.swift; path = "Quick Links.swift"; sourceTree = "<group>"; };
		65D3F2AF293548D500B00B91 /* Maps.swift */ = {isa = PBXFileReference; fileEncoding = 4; lastKnownFileType = sourcecode.swift; path = Maps.swift; sourceTree = "<group>"; };
		65D3F2B0293548D500B00B91 /* Settings.swift */ = {isa = PBXFileReference; fileEncoding = 4; lastKnownFileType = sourcecode.swift; path = Settings.swift; sourceTree = "<group>"; };
		65D3F2B1293548D500B00B91 /* Home.swift */ = {isa = PBXFileReference; fileEncoding = 4; lastKnownFileType = sourcecode.swift; path = Home.swift; sourceTree = "<group>"; };
		65D3F2B2293548D500B00B91 /* Contact.swift */ = {isa = PBXFileReference; fileEncoding = 4; lastKnownFileType = sourcecode.swift; path = Contact.swift; sourceTree = "<group>"; };
		65D3F2B3293548D500B00B91 /* Student Help.swift */ = {isa = PBXFileReference; fileEncoding = 4; lastKnownFileType = sourcecode.swift; path = "Student Help.swift"; sourceTree = "<group>"; };
		65F16258294B9C5E0090C3C3 /* ContactAdmin.swift */ = {isa = PBXFileReference; lastKnownFileType = sourcecode.swift; path = ContactAdmin.swift; sourceTree = "<group>"; };
/* End PBXFileReference section */

/* Begin PBXFrameworksBuildPhase section */
		65D3F27E2935345600B00B91 /* Frameworks */ = {
			isa = PBXFrameworksBuildPhase;
			buildActionMask = 2147483647;
			files = (
			);
			runOnlyForDeploymentPostprocessing = 0;
		};
/* End PBXFrameworksBuildPhase section */

/* Begin PBXGroup section */
		65D3F2782935345600B00B91 = {
			isa = PBXGroup;
			children = (
				65D3F2832935345600B00B91 /* Student Central */,
				65D3F2822935345600B00B91 /* Products */,
			);
			sourceTree = "<group>";
		};
		65D3F2822935345600B00B91 /* Products */ = {
			isa = PBXGroup;
			children = (
				65D3F2812935345600B00B91 /* Student Central.app */,
			);
			name = Products;
			sourceTree = "<group>";
		};
		65D3F2832935345600B00B91 /* Student Central */ = {
			isa = PBXGroup;
			children = (
				65D3F2842935345600B00B91 /* AppDelegate.swift */,
				65D3F2862935345600B00B91 /* SceneDelegate.swift */,
				65D3F2882935345600B00B91 /* ViewController.swift */,
				65D3F2B1293548D500B00B91 /* Home.swift */,
				65D3F2AC293548D500B00B91 /* Notifications.swift */,
				65D3F2B0293548D500B00B91 /* Settings.swift */,
				65D3F2AF293548D500B00B91 /* Maps.swift */,
				65D3F2AD293548D500B00B91 /* Schedule.swift */,
				65D3F2B2293548D500B00B91 /* Contact.swift */,
				65D3F2AE293548D500B00B91 /* Quick Links.swift */,
				65F16258294B9C5E0090C3C3 /* ContactAdmin.swift */,
				65D3F2B3293548D500B00B91 /* Student Help.swift */,
				65D3F28A2935345600B00B91 /* Main.storyboard */,
				65D3F28D2935345700B00B91 /* Assets.xcassets */,
				65D3F28F2935345700B00B91 /* LaunchScreen.storyboard */,
				65D3F2922935345700B00B91 /* Info.plist */,
			);
			path = "Student Central";
			sourceTree = "<group>";
		};
/* End PBXGroup section */

/* Begin PBXNativeTarget section */
		65D3F2802935345600B00B91 /* Student Central */ = {
			isa = PBXNativeTarget;
			buildConfigurationList = 65D3F2952935345700B00B91 /* Build configuration list for PBXNativeTarget "Student Central" */;
			buildPhases = (
				65D3F27D2935345600B00B91 /* Sources */,
				65D3F27E2935345600B00B91 /* Frameworks */,
				65D3F27F2935345600B00B91 /* Resources */,
			);
			buildRules = (
			);
			dependencies = (
			);
			name = "Student Central";
			productName = "Student Central";
			productReference = 65D3F2812935345600B00B91 /* Student Central.app */;
			productType = "com.apple.product-type.application";
		};
/* End PBXNativeTarget section */

/* Begin PBXProject section */
		65D3F2792935345600B00B91 /* Project object */ = {
			isa = PBXProject;
			attributes = {
				BuildIndependentTargetsInParallel = 1;
				LastSwiftUpdateCheck = 1340;
				LastUpgradeCheck = 1340;
				TargetAttributes = {
					65D3F2802935345600B00B91 = {
						CreatedOnToolsVersion = 13.4.1;
					};
				};
			};
			buildConfigurationList = 65D3F27C2935345600B00B91 /* Build configuration list for PBXProject "Student Central" */;
			compatibilityVersion = "Xcode 13.0";
			developmentRegion = en;
			hasScannedForEncodings = 0;
			knownRegions = (
				en,
				Base,
			);
			mainGroup = 65D3F2782935345600B00B91;
			productRefGroup = 65D3F2822935345600B00B91 /* Products */;
			projectDirPath = "";
			projectRoot = "";
			targets = (
				65D3F2802935345600B00B91 /* Student Central */,
			);
		};
/* End PBXProject section */

/* Begin PBXResourcesBuildPhase section */
		65D3F27F2935345600B00B91 /* Resources */ = {
			isa = PBXResourcesBuildPhase;
			buildActionMask = 2147483647;
			files = (
				65D3F2912935345700B00B91 /* LaunchScreen.storyboard in Resources */,
				65D3F28E2935345700B00B91 /* Assets.xcassets in Resources */,
				65D3F28C2935345600B00B91 /* Main.storyboard in Resources */,
			);
			runOnlyForDeploymentPostprocessing = 0;
		};
/* End PBXResourcesBuildPhase section */

/* Begin PBXSourcesBuildPhase section */
		65D3F27D2935345600B00B91 /* Sources */ = {
			isa = PBXSourcesBuildPhase;
			buildActionMask = 2147483647;
			files = (
				65D3F2BA293548D500B00B91 /* Contact.swift in Sources */,
				65D3F2B4293548D500B00B91 /* Notifications.swift in Sources */,
				65D3F2892935345600B00B91 /* ViewController.swift in Sources */,
				65D3F2B8293548D500B00B91 /* Settings.swift in Sources */,
				65D3F2B7293548D500B00B91 /* Maps.swift in Sources */,
				65D3F2B9293548D500B00B91 /* Home.swift in Sources */,
				65F16259294B9C5E0090C3C3 /* ContactAdmin.swift in Sources */,
				65D3F2BB293548D500B00B91 /* Student Help.swift in Sources */,
				65D3F2B6293548D500B00B91 /* Quick Links.swift in Sources */,
				65D3F2852935345600B00B91 /* AppDelegate.swift in Sources */,
				65D3F2B5293548D500B00B91 /* Schedule.swift in Sources */,
				65D3F2872935345600B00B91 /* SceneDelegate.swift in Sources */,
			);
			runOnlyForDeploymentPostprocessing = 0;
		};
/* End PBXSourcesBuildPhase section */

/* Begin PBXVariantGroup section */
		65D3F28A2935345600B00B91 /* Main.storyboard */ = {
			isa = PBXVariantGroup;
			children = (
				65D3F28B2935345600B00B91 /* Base */,
			);
			name = Main.storyboard;
			sourceTree = "<group>";
		};
		65D3F28F2935345700B00B91 /* LaunchScreen.storyboard */ = {
			isa = PBXVariantGroup;
			children = (
				65D3F2902935345700B00B91 /* Base */,
			);
			name = LaunchScreen.storyboard;
			sourceTree = "<group>";
		};
/* End PBXVariantGroup section */

/* Begin XCBuildConfiguration section */
		65D3F2932935345700B00B91 /* Debug */ = {
			isa = XCBuildConfiguration;
			buildSettings = {
				ALWAYS_SEARCH_USER_PATHS = NO;
				CLANG_ANALYZER_NONNULL = YES;
				CLANG_ANALYZER_NUMBER_OBJECT_CONVERSION = YES_AGGRESSIVE;
				CLANG_CXX_LANGUAGE_STANDARD = "gnu++17";
				CLANG_ENABLE_MODULES = YES;
				CLANG_ENABLE_OBJC_ARC = YES;
				CLANG_ENABLE_OBJC_WEAK = YES;
				CLANG_WARN_BLOCK_CAPTURE_AUTORELEASING = YES;
				CLANG_WARN_BOOL_CONVERSION = YES;
				CLANG_WARN_COMMA = YES;
				CLANG_WARN_CONSTANT_CONVERSION = YES;
				CLANG_WARN_DEPRECATED_OBJC_IMPLEMENTATIONS = YES;
				CLANG_WARN_DIRECT_OBJC_ISA_USAGE = YES_ERROR;
				CLANG_WARN_DOCUMENTATION_COMMENTS = YES;
				CLANG_WARN_EMPTY_BODY = YES;
				CLANG_WARN_ENUM_CONVERSION = YES;
				CLANG_WARN_INFINITE_RECURSION = YES;
				CLANG_WARN_INT_CONVERSION = YES;
				CLANG_WARN_NON_LITERAL_NULL_CONVERSION = YES;
				CLANG_WARN_OBJC_IMPLICIT_RETAIN_SELF = YES;
				CLANG_WARN_OBJC_LITERAL_CONVERSION = YES;
				CLANG_WARN_OBJC_ROOT_CLASS = YES_ERROR;
				CLANG_WARN_QUOTED_INCLUDE_IN_FRAMEWORK_HEADER = YES;
				CLANG_WARN_RANGE_LOOP_ANALYSIS = YES;
				CLANG_WARN_STRICT_PROTOTYPES = YES;
				CLANG_WARN_SUSPICIOUS_MOVE = YES;
				CLANG_WARN_UNGUARDED_AVAILABILITY = YES_AGGRESSIVE;
				CLANG_WARN_UNREACHABLE_CODE = YES;
				CLANG_WARN__DUPLICATE_METHOD_MATCH = YES;
				COPY_PHASE_STRIP = NO;
				DEBUG_INFORMATION_FORMAT = dwarf;
				ENABLE_STRICT_OBJC_MSGSEND = YES;
				ENABLE_TESTABILITY = YES;
				GCC_C_LANGUAGE_STANDARD = gnu11;
				GCC_DYNAMIC_NO_PIC = NO;
				GCC_NO_COMMON_BLOCKS = YES;
				GCC_OPTIMIZATION_LEVEL = 0;
				GCC_PREPROCESSOR_DEFINITIONS = (
					"DEBUG=1",
					"$(inherited)",
				);
				GCC_WARN_64_TO_32_BIT_CONVERSION = YES;
				GCC_WARN_ABOUT_RETURN_TYPE = YES_ERROR;
				GCC_WARN_UNDECLARED_SELECTOR = YES;
				GCC_WARN_UNINITIALIZED_AUTOS = YES_AGGRESSIVE;
				GCC_WARN_UNUSED_FUNCTION = YES;
				GCC_WARN_UNUSED_VARIABLE = YES;
				IPHONEOS_DEPLOYMENT_TARGET = 15.5;
				MTL_ENABLE_DEBUG_INFO = INCLUDE_SOURCE;
				MTL_FAST_MATH = YES;
				ONLY_ACTIVE_ARCH = YES;
				SDKROOT = iphoneos;
				SWIFT_ACTIVE_COMPILATION_CONDITIONS = DEBUG;
				SWIFT_OPTIMIZATION_LEVEL = "-Onone";
			};
			name = Debug;
		};
		65D3F2942935345700B00B91 /* Release */ = {
			isa = XCBuildConfiguration;
			buildSettings = {
				ALWAYS_SEARCH_USER_PATHS = NO;
				CLANG_ANALYZER_NONNULL = YES;
				CLANG_ANALYZER_NUMBER_OBJECT_CONVERSION = YES_AGGRESSIVE;
				CLANG_CXX_LANGUAGE_STANDARD = "gnu++17";
				CLANG_ENABLE_MODULES = YES;
				CLANG_ENABLE_OBJC_ARC = YES;
				CLANG_ENABLE_OBJC_WEAK = YES;
				CLANG_WARN_BLOCK_CAPTURE_AUTORELEASING = YES;
				CLANG_WARN_BOOL_CONVERSION = YES;
				CLANG_WARN_COMMA = YES;
				CLANG_WARN_CONSTANT_CONVERSION = YES;
				CLANG_WARN_DEPRECATED_OBJC_IMPLEMENTATIONS = YES;
				CLANG_WARN_DIRECT_OBJC_ISA_USAGE = YES_ERROR;
				CLANG_WARN_DOCUMENTATION_COMMENTS = YES;
				CLANG_WARN_EMPTY_BODY = YES;
				CLANG_WARN_ENUM_CONVERSION = YES;
				CLANG_WARN_INFINITE_RECURSION = YES;
				CLANG_WARN_INT_CONVERSION = YES;
				CLANG_WARN_NON_LITERAL_NULL_CONVERSION = YES;
				CLANG_WARN_OBJC_IMPLICIT_RETAIN_SELF = YES;
				CLANG_WARN_OBJC_LITERAL_CONVERSION = YES;
				CLANG_WARN_OBJC_ROOT_CLASS = YES_ERROR;
				CLANG_WARN_QUOTED_INCLUDE_IN_FRAMEWORK_HEADER = YES;
				CLANG_WARN_RANGE_LOOP_ANALYSIS = YES;
				CLANG_WARN_STRICT_PROTOTYPES = YES;
				CLANG_WARN_SUSPICIOUS_MOVE = YES;
				CLANG_WARN_UNGUARDED_AVAILABILITY = YES_AGGRESSIVE;
				CLANG_WARN_UNREACHABLE_CODE = YES;
				CLANG_WARN__DUPLICATE_METHOD_MATCH = YES;
				COPY_PHASE_STRIP = NO;
				DEBUG_INFORMATION_FORMAT = "dwarf-with-dsym";
				ENABLE_NS_ASSERTIONS = NO;
				ENABLE_STRICT_OBJC_MSGSEND = YES;
				GCC_C_LANGUAGE_STANDARD = gnu11;
				GCC_NO_COMMON_BLOCKS = YES;
				GCC_WARN_64_TO_32_BIT_CONVERSION = YES;
				GCC_WARN_ABOUT_RETURN_TYPE = YES_ERROR;
				GCC_WARN_UNDECLARED_SELECTOR = YES;
				GCC_WARN_UNINITIALIZED_AUTOS = YES_AGGRESSIVE;
				GCC_WARN_UNUSED_FUNCTION = YES;
				GCC_WARN_UNUSED_VARIABLE = YES;
				IPHONEOS_DEPLOYMENT_TARGET = 15.5;
				MTL_ENABLE_DEBUG_INFO = NO;
				MTL_FAST_MATH = YES;
				SDKROOT = iphoneos;
				SWIFT_COMPILATION_MODE = wholemodule;
				SWIFT_OPTIMIZATION_LEVEL = "-O";
				VALIDATE_PRODUCT = YES;
			};
			name = Release;
		};
		65D3F2962935345700B00B91 /* Debug */ = {
			isa = XCBuildConfiguration;
			buildSettings = {
				ASSETCATALOG_COMPILER_APPICON_NAME = AppIcon;
				ASSETCATALOG_COMPILER_GLOBAL_ACCENT_COLOR_NAME = AccentColor;
				ASSETCATALOG_COMPILER_INCLUDE_ALL_APPICON_ASSETS = NO;
				CODE_SIGN_STYLE = Automatic;
				CURRENT_PROJECT_VERSION = 1;
				DEVELOPMENT_TEAM = FPP8KJ4225;
				GENERATE_INFOPLIST_FILE = YES;
				INFOPLIST_FILE = "Student Central/Info.plist";
				INFOPLIST_KEY_LSApplicationCategoryType = "public.app-category.education";
				INFOPLIST_KEY_UIApplicationSupportsIndirectInputEvents = YES;
				INFOPLIST_KEY_UILaunchStoryboardName = LaunchScreen;
				INFOPLIST_KEY_UIMainStoryboardFile = Main;
				INFOPLIST_KEY_UISupportedInterfaceOrientations_iPad = "UIInterfaceOrientationPortrait UIInterfaceOrientationPortraitUpsideDown UIInterfaceOrientationLandscapeLeft UIInterfaceOrientationLandscapeRight";
				INFOPLIST_KEY_UISupportedInterfaceOrientations_iPhone = "UIInterfaceOrientationPortrait UIInterfaceOrientationLandscapeLeft UIInterfaceOrientationLandscapeRight";
				IPHONEOS_DEPLOYMENT_TARGET = 15.5;
				LD_RUNPATH_SEARCH_PATHS = (
					"$(inherited)",
					"@executable_path/Frameworks",
				);
				MARKETING_VERSION = 1.0;
				PRODUCT_BUNDLE_IDENTIFIER = "com.coppellisd.Student-Central";
				PRODUCT_NAME = "$(TARGET_NAME)";
				SUPPORTED_PLATFORMS = "iphoneos iphonesimulator";
				SUPPORTS_MACCATALYST = NO;
				SUPPORTS_MAC_DESIGNED_FOR_IPHONE_IPAD = NO;
				SWIFT_EMIT_LOC_STRINGS = YES;
				SWIFT_VERSION = 5.0;
				TARGETED_DEVICE_FAMILY = 2;
			};
			name = Debug;
		};
		65D3F2972935345700B00B91 /* Release */ = {
			isa = XCBuildConfiguration;
			buildSettings = {
				ASSETCATALOG_COMPILER_APPICON_NAME = AppIcon;
				ASSETCATALOG_COMPILER_GLOBAL_ACCENT_COLOR_NAME = AccentColor;
				ASSETCATALOG_COMPILER_INCLUDE_ALL_APPICON_ASSETS = NO;
				CODE_SIGN_STYLE = Automatic;
				CURRENT_PROJECT_VERSION = 1;
				DEVELOPMENT_TEAM = FPP8KJ4225;
				GENERATE_INFOPLIST_FILE = YES;
				INFOPLIST_FILE = "Student Central/Info.plist";
				INFOPLIST_KEY_LSApplicationCategoryType = "public.app-category.education";
				INFOPLIST_KEY_UIApplicationSupportsIndirectInputEvents = YES;
				INFOPLIST_KEY_UILaunchStoryboardName = LaunchScreen;
				INFOPLIST_KEY_UIMainStoryboardFile = Main;
				INFOPLIST_KEY_UISupportedInterfaceOrientations_iPad = "UIInterfaceOrientationPortrait UIInterfaceOrientationPortraitUpsideDown UIInterfaceOrientationLandscapeLeft UIInterfaceOrientationLandscapeRight";
				INFOPLIST_KEY_UISupportedInterfaceOrientations_iPhone = "UIInterfaceOrientationPortrait UIInterfaceOrientationLandscapeLeft UIInterfaceOrientationLandscapeRight";
				IPHONEOS_DEPLOYMENT_TARGET = 15.5;
				LD_RUNPATH_SEARCH_PATHS = (
					"$(inherited)",
					"@executable_path/Frameworks",
				);
				MARKETING_VERSION = 1.0;
				PRODUCT_BUNDLE_IDENTIFIER = "com.coppellisd.Student-Central";
				PRODUCT_NAME = "$(TARGET_NAME)";
				SUPPORTED_PLATFORMS = "iphoneos iphonesimulator";
				SUPPORTS_MACCATALYST = NO;
				SUPPORTS_MAC_DESIGNED_FOR_IPHONE_IPAD = NO;
				SWIFT_EMIT_LOC_STRINGS = YES;
				SWIFT_VERSION = 5.0;
				TARGETED_DEVICE_FAMILY = 2;
			};
			name = Release;
		};
/* End XCBuildConfiguration section */

/* Begin XCConfigurationList section */
		65D3F27C2935345600B00B91 /* Build configuration list for PBXProject "Student Central" */ = {
			isa = XCConfigurationList;
			buildConfigurations = (
				65D3F2932935345700B00B91 /* Debug */,
				65D3F2942935345700B00B91 /* Release */,
			);
			defaultConfigurationIsVisible = 0;
			defaultConfigurationName = Release;
		};
		65D3F2952935345700B00B91 /* Build configuration list for PBXNativeTarget "Student Central" */ = {
			isa = XCConfigurationList;
			buildConfigurations = (
				65D3F2962935345700B00B91 /* Debug */,
				65D3F2972935345700B00B91 /* Release */,
			);
			defaultConfigurationIsVisible = 0;
			defaultConfigurationName = Release;
		};
/* End XCConfigurationList section */
	};
	rootObject = 65D3F2792935345600B00B91 /* Project object */;
}
